
Microsoft Visual Studio Solution File, Format Version 12.00
# Visual Studio Version 17
VisualStudioVersion = 17.0.31903.59
MinimumVisualStudioVersion = 10.0.40219.1
Project("{2150E333-8FDC-42A3-9474-1A3956D46DE8}") = "API", "API", "{2F9DD588-36D9-4228-9B95-8C2E0FA3CEF6}"
EndProject
Project("{FAE04EC0-301F-11D3-BF4B-00C04F79EFBC}") = "Ticketing.API", "API\Ticketing.API\Ticketing.API.csproj", "{F116F018-DD82-405B-A653-ECD8FA9B3BE0}"
EndProject
Project("{FAE04EC0-301F-11D3-BF4B-00C04F79EFBC}") = "Ticketing.Contracts", "API\Ticketing.Contracts\Ticketing.Contracts.csproj", "{9387373B-52E1-461C-ABB3-E4ECA4D312BD}"
EndProject
Project("{2150E333-8FDC-42A3-9474-1A3956D46DE8}") = "Core", "Core", "{74F70F89-1602-4F89-8A68-2E365645CBDE}"
EndProject
Project("{FAE04EC0-301F-11D3-BF4B-00C04F79EFBC}") = "Ticketing.Application", "Core\Ticketing.Application\Ticketing.Application.csproj", "{808FE085-3672-4679-8F39-2E1BA787F16D}"
EndProject
Project("{FAE04EC0-301F-11D3-BF4B-00C04F79EFBC}") = "Ticketing.Domain", "Core\Ticketing.Domain\Ticketing.Domain.csproj", "{6BE1D064-6AFD-4D8B-9484-82728BD7E0F0}"
EndProject
Project("{2150E333-8FDC-42A3-9474-1A3956D46DE8}") = "Infrastructure", "Infrastructure", "{7C2656FA-A4C8-471B-96D3-801DD883C2C4}"
EndProject
Project("{FAE04EC0-301F-11D3-BF4B-00C04F79EFBC}") = "Ticketing.Infrastructure", "Infrastructure\Ticketing.Infrastructure\Ticketing.Infrastructure.csproj", "{899B9DC1-52A9-4720-BCC8-D12610F5A23D}"
EndProject
Project("{FAE04EC0-301F-11D3-BF4B-00C04F79EFBC}") = "Ticketing.GraphQL", "API\Ticketing.GraphQL\Ticketing.GraphQL.csproj", "{BBD6058F-929D-41BB-B72F-A6373AD7AAC2}"
EndProject
Project("{FAE04EC0-301F-11D3-BF4B-00C04F79EFBC}") = "Ticketing.GraphQL.Web", "API\Ticketing.GraphQL.Web\Ticketing.GraphQL.Web.csproj", "{1B6EC0C3-3E3D-4D7A-B4F7-467330174A05}"
EndProject
Global
	GlobalSection(SolutionConfigurationPlatforms) = preSolution
		Debug|Any CPU = Debug|Any CPU
		Release|Any CPU = Release|Any CPU
	EndGlobalSection
	GlobalSection(SolutionProperties) = preSolution
		HideSolutionNode = FALSE
	EndGlobalSection
	GlobalSection(ProjectConfigurationPlatforms) = postSolution
		{F116F018-DD82-405B-A653-ECD8FA9B3BE0}.Debug|Any CPU.ActiveCfg = Debug|Any CPU
		{F116F018-DD82-405B-A653-ECD8FA9B3BE0}.Debug|Any CPU.Build.0 = Debug|Any CPU
		{F116F018-DD82-405B-A653-ECD8FA9B3BE0}.Release|Any CPU.ActiveCfg = Release|Any CPU
		{F116F018-DD82-405B-A653-ECD8FA9B3BE0}.Release|Any CPU.Build.0 = Release|Any CPU
		{9387373B-52E1-461C-ABB3-E4ECA4D312BD}.Debug|Any CPU.ActiveCfg = Debug|Any CPU
		{9387373B-52E1-461C-ABB3-E4ECA4D312BD}.Debug|Any CPU.Build.0 = Debug|Any CPU
		{9387373B-52E1-461C-ABB3-E4ECA4D312BD}.Release|Any CPU.ActiveCfg = Release|Any CPU
		{9387373B-52E1-461C-ABB3-E4ECA4D312BD}.Release|Any CPU.Build.0 = Release|Any CPU
		{808FE085-3672-4679-8F39-2E1BA787F16D}.Debug|Any CPU.ActiveCfg = Debug|Any CPU
		{808FE085-3672-4679-8F39-2E1BA787F16D}.Debug|Any CPU.Build.0 = Debug|Any CPU
		{808FE085-3672-4679-8F39-2E1BA787F16D}.Release|Any CPU.ActiveCfg = Release|Any CPU
		{808FE085-3672-4679-8F39-2E1BA787F16D}.Release|Any CPU.Build.0 = Release|Any CPU
		{6BE1D064-6AFD-4D8B-9484-82728BD7E0F0}.Debug|Any CPU.ActiveCfg = Debug|Any CPU
		{6BE1D064-6AFD-4D8B-9484-82728BD7E0F0}.Debug|Any CPU.Build.0 = Debug|Any CPU
		{6BE1D064-6AFD-4D8B-9484-82728BD7E0F0}.Release|Any CPU.ActiveCfg = Release|Any CPU
		{6BE1D064-6AFD-4D8B-9484-82728BD7E0F0}.Release|Any CPU.Build.0 = Release|Any CPU
		{899B9DC1-52A9-4720-BCC8-D12610F5A23D}.Debug|Any CPU.ActiveCfg = Debug|Any CPU
		{899B9DC1-52A9-4720-BCC8-D12610F5A23D}.Debug|Any CPU.Build.0 = Debug|Any CPU
		{899B9DC1-52A9-4720-BCC8-D12610F5A23D}.Release|Any CPU.ActiveCfg = Release|Any CPU
		{899B9DC1-52A9-4720-BCC8-D12610F5A23D}.Release|Any CPU.Build.0 = Release|Any CPU
		{BBD6058F-929D-41BB-B72F-A6373AD7AAC2}.Debug|Any CPU.ActiveCfg = Debug|Any CPU
		{BBD6058F-929D-41BB-B72F-A6373AD7AAC2}.Debug|Any CPU.Build.0 = Debug|Any CPU
		{BBD6058F-929D-41BB-B72F-A6373AD7AAC2}.Release|Any CPU.ActiveCfg = Release|Any CPU
		{BBD6058F-929D-41BB-B72F-A6373AD7AAC2}.Release|Any CPU.Build.0 = Release|Any CPU
		{1B6EC0C3-3E3D-4D7A-B4F7-467330174A05}.Debug|Any CPU.ActiveCfg = Debug|Any CPU
		{1B6EC0C3-3E3D-4D7A-B4F7-467330174A05}.Debug|Any CPU.Build.0 = Debug|Any CPU
		{1B6EC0C3-3E3D-4D7A-B4F7-467330174A05}.Release|Any CPU.ActiveCfg = Release|Any CPU
		{1B6EC0C3-3E3D-4D7A-B4F7-467330174A05}.Release|Any CPU.Build.0 = Release|Any CPU
	EndGlobalSection
	GlobalSection(NestedProjects) = preSolution
		{F116F018-DD82-405B-A653-ECD8FA9B3BE0} = {2F9DD588-36D9-4228-9B95-8C2E0FA3CEF6}
		{9387373B-52E1-461C-ABB3-E4ECA4D312BD} = {2F9DD588-36D9-4228-9B95-8C2E0FA3CEF6}
		{808FE085-3672-4679-8F39-2E1BA787F16D} = {74F70F89-1602-4F89-8A68-2E365645CBDE}
		{6BE1D064-6AFD-4D8B-9484-82728BD7E0F0} = {74F70F89-1602-4F89-8A68-2E365645CBDE}
		{899B9DC1-52A9-4720-BCC8-D12610F5A23D} = {7C2656FA-A4C8-471B-96D3-801DD883C2C4}
		{BBD6058F-929D-41BB-B72F-A6373AD7AAC2} = {2F9DD588-36D9-4228-9B95-8C2E0FA3CEF6}
		{1B6EC0C3-3E3D-4D7A-B4F7-467330174A05} = {2F9DD588-36D9-4228-9B95-8C2E0FA3CEF6}
	EndGlobalSection
EndGlobal
